
Microsoft Visual Studio Solution File, Format Version 12.00
# Visual Studio 15
VisualStudioVersion = 15.0.26711.1
MinimumVisualStudioVersion = 10.0.40219.1
Project("{9A19103F-16F7-4668-BE54-9A1E7A4F7556}") = "HQF.Tutorials.EntityFrameworkCore", "Src\HQF.Tutorials.EntityFrameworkCore\HQF.Tutorials.EntityFrameworkCore.csproj", "{7777BB0E-F352-43DE-B912-0CAF8A3FA72B}"
EndProject
Project("{9A19103F-16F7-4668-BE54-9A1E7A4F7556}") = "HQF.Tutorials.EntityFrameworkCore.XUnitTest", "Tests\HQF.Tutorials.EntityFrameworkCore.XUnitTest\HQF.Tutorials.EntityFrameworkCore.XUnitTest.csproj", "{D3D60A9F-CC70-4221-A905-1832D94EB48E}"
EndProject
Project("{2150E333-8FDC-42A3-9474-1A3956D46DE8}") = "Src", "Src", "{E1016A0F-7C37-4390-9613-515C318935A2}"
EndProject
Project("{2150E333-8FDC-42A3-9474-1A3956D46DE8}") = "Tests", "Tests", "{173A93D5-C608-4053-B246-522D9386EBD2}"
EndProject
Global
	GlobalSection(SolutionConfigurationPlatforms) = preSolution
		Debug|Any CPU = Debug|Any CPU
		Release|Any CPU = Release|Any CPU
	EndGlobalSection
	GlobalSection(ProjectConfigurationPlatforms) = postSolution
		{7777BB0E-F352-43DE-B912-0CAF8A3FA72B}.Debug|Any CPU.ActiveCfg = Debug|Any CPU
		{7777BB0E-F352-43DE-B912-0CAF8A3FA72B}.Debug|Any CPU.Build.0 = Debug|Any CPU
		{7777BB0E-F352-43DE-B912-0CAF8A3FA72B}.Release|Any CPU.ActiveCfg = Release|Any CPU
		{7777BB0E-F352-43DE-B912-0CAF8A3FA72B}.Release|Any CPU.Build.0 = Release|Any CPU
		{D3D60A9F-CC70-4221-A905-1832D94EB48E}.Debug|Any CPU.ActiveCfg = Debug|Any CPU
		{D3D60A9F-CC70-4221-A905-1832D94EB48E}.Debug|Any CPU.Build.0 = Debug|Any CPU
		{D3D60A9F-CC70-4221-A905-1832D94EB48E}.Release|Any CPU.ActiveCfg = Release|Any CPU
		{D3D60A9F-CC70-4221-A905-1832D94EB48E}.Release|Any CPU.Build.0 = Release|Any CPU
	EndGlobalSection
	GlobalSection(SolutionProperties) = preSolution
		HideSolutionNode = FALSE
	EndGlobalSection
	GlobalSection(NestedProjects) = preSolution
		{7777BB0E-F352-43DE-B912-0CAF8A3FA72B} = {E1016A0F-7C37-4390-9613-515C318935A2}
		{D3D60A9F-CC70-4221-A905-1832D94EB48E} = {173A93D5-C608-4053-B246-522D9386EBD2}
	EndGlobalSection
	GlobalSection(ExtensibilityGlobals) = postSolution
		SolutionGuid = {319FCB44-9A7C-43B2-8822-BA0B63C9AED9}
	EndGlobalSection
EndGlobal
